{
  "name": "server",
  "lockfileVersion": 3,
  "requires": true,
  "packages": {
    "": {
      "dependencies": {
        "portfolio-backend": "file:.."
      }
    },
    "..": {
      "name": "portfolio-backend",
      "dependencies": {
        "cors": "^2.8.5",
        "dotenv": "^16.3.1",
        "express": "^4.18.2",
        "openai": "^4.38.1"
      }
    },
    "node_modules/portfolio-backend": {
      "resolved": "..",
      "link": true
    }
  }
}
